
Microsoft Visual Studio Solution File, Format Version 12.00
# Visual Studio Version 17
VisualStudioVersion = 17.3.32922.545
MinimumVisualStudioVersion = 10.0.40219.1
Project("{FAE04EC0-301F-11D3-BF4B-00C04F79EFBC}") = "hw_8.1", "hw_8.1\hw_8.1.csproj", "{EE70C4CE-FE7F-4C79-AFDD-42AA08D7107B}"
EndProject
Global
	GlobalSection(SolutionConfigurationPlatforms) = preSolution
		Debug|Any CPU = Debug|Any CPU
		Release|Any CPU = Release|Any CPU
	EndGlobalSection
	GlobalSection(ProjectConfigurationPlatforms) = postSolution
		{EE70C4CE-FE7F-4C79-AFDD-42AA08D7107B}.Debug|Any CPU.ActiveCfg = Debug|Any CPU
		{EE70C4CE-FE7F-4C79-AFDD-42AA08D7107B}.Debug|Any CPU.Build.0 = Debug|Any CPU
		{EE70C4CE-FE7F-4C79-AFDD-42AA08D7107B}.Release|Any CPU.ActiveCfg = Release|Any CPU
		{EE70C4CE-FE7F-4C79-AFDD-42AA08D7107B}.Release|Any CPU.Build.0 = Release|Any CPU
	EndGlobalSection
	GlobalSection(SolutionProperties) = preSolution
		HideSolutionNode = FALSE
	EndGlobalSection
	GlobalSection(ExtensibilityGlobals) = postSolution
		SolutionGuid = {8A05E0F5-63FE-4BEF-8E0A-18FFB25F3AD7}
	EndGlobalSection
EndGlobal
