
Microsoft Visual Studio Solution File, Format Version 12.00
# Visual Studio Version 17
VisualStudioVersion = 17.3.32922.545
MinimumVisualStudioVersion = 10.0.40219.1
Project("{FAE04EC0-301F-11D3-BF4B-00C04F79EFBC}") = "homework_3", "homework_3\homework_3.csproj", "{8288CD29-C378-4D65-AB5C-73B63B0F9EAF}"
EndProject
Global
	GlobalSection(SolutionConfigurationPlatforms) = preSolution
		Debug|Any CPU = Debug|Any CPU
		Release|Any CPU = Release|Any CPU
	EndGlobalSection
	GlobalSection(ProjectConfigurationPlatforms) = postSolution
		{8288CD29-C378-4D65-AB5C-73B63B0F9EAF}.Debug|Any CPU.ActiveCfg = Debug|Any CPU
		{8288CD29-C378-4D65-AB5C-73B63B0F9EAF}.Debug|Any CPU.Build.0 = Debug|Any CPU
		{8288CD29-C378-4D65-AB5C-73B63B0F9EAF}.Release|Any CPU.ActiveCfg = Release|Any CPU
		{8288CD29-C378-4D65-AB5C-73B63B0F9EAF}.Release|Any CPU.Build.0 = Release|Any CPU
	EndGlobalSection
	GlobalSection(SolutionProperties) = preSolution
		HideSolutionNode = FALSE
	EndGlobalSection
	GlobalSection(ExtensibilityGlobals) = postSolution
		SolutionGuid = {DB2B5315-E291-443F-A1C7-14C52AA8FC52}
	EndGlobalSection
EndGlobal
